# This file is autogenerated, do not edit; changes may be undone by the next 'dep ensure'.


[[projects]]
  name = "github.com/bshuster-repo/logrus-logstash-hook"
  packages = ["."]
  revision = "ea59b04518367f2aafe8cf6d46a7d60605d075ce"
  version = "1.0-beta"

[[projects]]
  name = "github.com/cenk/backoff"
  packages = ["."]
  revision = "2ea60e5f094469f9e65adb9cd103795b73ae743e"
  version = "v2.0.0"

[[projects]]
  name = "github.com/davecgh/go-spew"
  packages = ["spew"]
  revision = "8991bc29aa16c548c550c7ff78260e27b9ab7c73"
  version = "v1.1.1"

[[projects]]
  branch = "master"
  name = "github.com/facebookgo/clock"
  packages = ["."]
  revision = "600d898af40aa09a7a93ecb9265d87b0504b6f03"

[[projects]]
  name = "github.com/hashicorp/golang-lru"
  packages = [
    ".",
    "simplelru"
  ]
  revision = "20f1fb78b0740ba8c3cb143a61e86ba5c8669768"
  version = "v0.5.0"

[[projects]]
  branch = "master"
  name = "github.com/johntdyer/slack-go"
  packages = ["."]
  revision = "95fac1160b220c5abcf8b0ef88e9c3cb213c09f4"

[[projects]]
  branch = "master"
  name = "github.com/johntdyer/slackrus"
  packages = ["."]
  revision = "f7aae3243a0786c5a974bce71ed951c459876e64"

[[projects]]
  name = "github.com/julienschmidt/httprouter"
  packages = ["."]
  revision = "348b672cd90d8190f8240323e372ecd1e66b59dc"
  version = "v1.2.0"

[[projects]]
  branch = "master"
  name = "github.com/justinas/alice"
  packages = ["."]
  revision = "03f45bd4b7dad4734bc4620e46a35789349abb20"

[[projects]]
  name = "github.com/konsorten/go-windows-terminal-sequences"
  packages = ["."]
  revision = "5c8c8bd35d3832f5d134ae1e1e375b69a4d25242"
  version = "v1.0.1"

[[projects]]
  name = "github.com/newrelic/go-agent"
  packages = [
    ".",
    "internal",
    "internal/cat",
    "internal/jsonx",
    "internal/logger",
    "internal/sysinfo",
    "internal/utilization"
  ]
  revision = "46d73e6be8b4faeee70850d0df829e4fe00d6819"
  version = "v2.1.0"

[[projects]]
  name = "github.com/pmezard/go-difflib"
  packages = ["difflib"]
  revision = "792786c7400a136282c1664665ae0a8db921c6c2"
  version = "v1.0.0"

[[projects]]
  name = "github.com/rubyist/circuitbreaker"
  packages = ["."]
  revision = "2074adba5ddc7d5f7559448a9c3066573521c5bf"
  version = "v2.2.1"

[[projects]]
  name = "github.com/sirupsen/logrus"
  packages = ["."]
  revision = "bcd833dfe83d3cebad139e4a29ed79cb2318bf95"
  version = "v1.2.0"

[[projects]]
  name = "github.com/stretchr/testify"
  packages = ["assert"]
  revision = "f35b8ab0b5a2cef36673838d662e249dd9c94686"
  version = "v1.2.2"

[[projects]]
  name = "github.com/tomnomnom/linkheader"
  packages = ["."]
  revision = "6953a30d444317754766fccdd3f7f000edc874f6"
  version = "0.1.0"

[[projects]]
  branch = "master"
  name = "golang.org/x/crypto"
  packages = ["ssh/terminal"]
  revision = "4d3f4d9ffa16a13f451c3b2999e9c49e9750bf06"

[[projects]]
  branch = "master"
  name = "golang.org/x/net"
  packages = ["context"]
  revision = "c44066c5c816ec500d459a2a324a753f78531ae0"

[[projects]]
  branch = "master"
  name = "golang.org/x/sys"
  packages = [
    "unix",
    "windows"
  ]
  revision = "9b800f95dbbc54abff0acf7ee32d88ba4e328c89"

[[projects]]
  name = "gopkg.in/throttled/throttled.v2"
  packages = [
    ".",
    "store/memstore"
  ]
  revision = "b5675e93f9d999b22f92d859a5bf2138d3641af4"
  version = "v2.0.3"

[[projects]]
  name = "gopkg.in/yaml.v2"
  packages = ["."]
  revision = "5420a8b6744d3b0345ab293f6fcba19c978f1183"
  version = "v2.2.1"

[solve-meta]
  analyzer-name = "dep"
  analyzer-version = 1
  inputs-digest = "a644a81de266be4f445434e804226bef9dda5bbe98541f62f76b47238a5417eb"
  solver-name = "gps-cdcl"
  solver-version = 1
