# This file is autogenerated, do not edit; changes may be undone by the next 'dep ensure'.


[[projects]]
  digest = "1:286aa86fc22d2335eeae697277340d021937bef97f8f9850aff1be9cbcf84700"
  name = "github.com/aws/aws-sdk-go"
  packages = [
    "aws",
    "aws/awserr",
    "aws/awsutil",
    "aws/client",
    "aws/client/metadata",
    "aws/corehandlers",
    "aws/credentials",
    "aws/credentials/ec2rolecreds",
    "aws/credentials/endpointcreds",
    "aws/credentials/processcreds",
    "aws/credentials/stscreds",
    "aws/csm",
    "aws/defaults",
    "aws/ec2metadata",
    "aws/endpoints",
    "aws/request",
    "aws/session",
    "aws/signer/v4",
    "internal/ini",
    "internal/sdkio",
    "internal/sdkrand",
    "internal/sdkuri",
    "internal/shareddefaults",
    "private/protocol",
    "private/protocol/query",
    "private/protocol/query/queryutil",
    "private/protocol/rest",
    "private/protocol/xml/xmlutil",
    "service/sns",
    "service/sns/snsiface",
    "service/sqs",
    "service/sqs/sqsiface",
    "service/sts",
  ]
  pruneopts = ""
  revision = "25f89dc67cc7eddac939028c7128499dcfcab46b"
  version = "v1.16.33"

[[projects]]
  digest = "1:e6a3f22bc1e4fcc81999bf27e07dd8b28c165231183a769a480478ec2f26e2fa"
  name = "github.com/bshuster-repo/logrus-logstash-hook"
  packages = ["."]
  pruneopts = ""
  revision = "ea59b04518367f2aafe8cf6d46a7d60605d075ce"
  version = "1.0-beta"

[[projects]]
  digest = "1:f619cb9b07aebe5416262cdd8b86082e8d5bdc5264cb3b615ff858df0b645f97"
  name = "github.com/cenk/backoff"
  packages = ["."]
  pruneopts = ""
  revision = "2ea60e5f094469f9e65adb9cd103795b73ae743e"
  version = "v2.0.0"

[[projects]]
  digest = "1:0deddd908b6b4b768cfc272c16ee61e7088a60f7fe2f06c547bd3d8e1f8b8e77"
  name = "github.com/davecgh/go-spew"
  packages = ["spew"]
  pruneopts = ""
  revision = "8991bc29aa16c548c550c7ff78260e27b9ab7c73"
  version = "v1.1.1"

[[projects]]
  branch = "master"
  digest = "1:88b37f144a80737f9e5cd50c887c00c2f3c7211257f884b8b80ce97e61ed1ccb"
  name = "github.com/facebookgo/clock"
  packages = ["."]
  pruneopts = ""
  revision = "600d898af40aa09a7a93ecb9265d87b0504b6f03"

[[projects]]
  digest = "1:3313a63031ae281e5f6fd7b0bbca733dfa04d2429df86519e3b4d4c016ccb836"
  name = "github.com/hashicorp/golang-lru"
  packages = [
    ".",
    "simplelru",
  ]
  pruneopts = ""
  revision = "20f1fb78b0740ba8c3cb143a61e86ba5c8669768"
  version = "v0.5.0"

[[projects]]
  digest = "1:13fe471d0ed891e8544eddfeeb0471fd3c9f2015609a1c000aefdedf52a19d40"
  name = "github.com/jmespath/go-jmespath"
  packages = ["."]
  pruneopts = ""
  revision = "c2b33e84"

[[projects]]
  branch = "master"
  digest = "1:1e4cb5c6d4e92e2fb34f1545e071fb61e81c71fc0c325445db19b9f3981cb343"
  name = "github.com/johntdyer/slack-go"
  packages = ["."]
  pruneopts = ""
  revision = "95fac1160b220c5abcf8b0ef88e9c3cb213c09f4"

[[projects]]
  branch = "master"
  digest = "1:7abe0d83ffb4c20fce461c314b1dc858cba274580cf1508f698b5f9fd9e1cde9"
  name = "github.com/johntdyer/slackrus"
  packages = ["."]
  pruneopts = ""
  revision = "f7aae3243a0786c5a974bce71ed951c459876e64"

[[projects]]
  digest = "1:deeb6536ebbcb66ab11213ecfaac9daadfcd004dd057446a4980ffd6c15c36e2"
  name = "github.com/julienschmidt/httprouter"
  packages = ["."]
  pruneopts = ""
  revision = "348b672cd90d8190f8240323e372ecd1e66b59dc"
  version = "v1.2.0"

[[projects]]
  branch = "master"
  digest = "1:96fb2c226fc357520a1ffca919a2bb823a04a8c1047bccd8609b2eaf3ec582f7"
  name = "github.com/justinas/alice"
  packages = ["."]
  pruneopts = ""
  revision = "03f45bd4b7dad4734bc4620e46a35789349abb20"

[[projects]]
  digest = "1:6a874e3ddfb9db2b42bd8c85b6875407c702fa868eed20634ff489bc896ccfd3"
  name = "github.com/konsorten/go-windows-terminal-sequences"
  packages = ["."]
  pruneopts = ""
  revision = "5c8c8bd35d3832f5d134ae1e1e375b69a4d25242"
  version = "v1.0.1"

[[projects]]
  digest = "1:896fa40f307b91a53bd675225a653cde46e9183f165efd2df1b4bffe02dab40f"
  name = "github.com/newrelic/go-agent"
  packages = [
    ".",
    "internal",
    "internal/cat",
    "internal/jsonx",
    "internal/logger",
    "internal/sysinfo",
    "internal/utilization",
  ]
  pruneopts = ""
  revision = "46d73e6be8b4faeee70850d0df829e4fe00d6819"
  version = "v2.1.0"

[[projects]]
  digest = "1:256484dbbcd271f9ecebc6795b2df8cad4c458dd0f5fd82a8c2fa0c29f233411"
  name = "github.com/pmezard/go-difflib"
  packages = ["difflib"]
  pruneopts = ""
  revision = "792786c7400a136282c1664665ae0a8db921c6c2"
  version = "v1.0.0"

[[projects]]
  digest = "1:34bc218f2006423f7fc7d79e7014a95d5b373f6b87a09fe8038eb1ad49c888ea"
  name = "github.com/rubyist/circuitbreaker"
  packages = ["."]
  pruneopts = ""
  revision = "2074adba5ddc7d5f7559448a9c3066573521c5bf"
  version = "v2.2.1"

[[projects]]
  digest = "1:9d57e200ef5ccc4217fe0a34287308bac652435e7c6513f6263e0493d2245c56"
  name = "github.com/sirupsen/logrus"
  packages = ["."]
  pruneopts = ""
  revision = "bcd833dfe83d3cebad139e4a29ed79cb2318bf95"
  version = "v1.2.0"

[[projects]]
  digest = "1:c587772fb8ad29ad4db67575dad25ba17a51f072ff18a22b4f0257a4d9c24f75"
  name = "github.com/stretchr/testify"
  packages = ["assert"]
  pruneopts = ""
  revision = "f35b8ab0b5a2cef36673838d662e249dd9c94686"
  version = "v1.2.2"

[[projects]]
  digest = "1:d19d9c65fa0b9f51b200d9c3a8627ae18b97165fca21897ecf1ac58abe886938"
  name = "github.com/tomnomnom/linkheader"
  packages = ["."]
  pruneopts = ""
  revision = "6953a30d444317754766fccdd3f7f000edc874f6"
  version = "0.1.0"

[[projects]]
  branch = "master"
  digest = "1:efb97ebbd73c3a7068579327f5d98a17c09f6d8caf1fa3212c506e8bb78126b5"
  name = "golang.org/x/crypto"
  packages = ["ssh/terminal"]
  pruneopts = ""
  revision = "4d3f4d9ffa16a13f451c3b2999e9c49e9750bf06"

[[projects]]
  branch = "master"
  digest = "1:41055845ee2a3f0b0fbf94f12b7a6c5322ae66c166d192e38156e0d63a6e2993"
  name = "golang.org/x/net"
  packages = ["context"]
  pruneopts = ""
  revision = "c44066c5c816ec500d459a2a324a753f78531ae0"

[[projects]]
  branch = "master"
  digest = "1:a5320611dcdfc9d79e459a43442b272d9e03276107e75655d7a199aa271d456a"
  name = "golang.org/x/sys"
  packages = [
    "unix",
    "windows",
  ]
  pruneopts = ""
  revision = "9b800f95dbbc54abff0acf7ee32d88ba4e328c89"

[[projects]]
  digest = "1:7d897a9344f0392e5b211b2b4bf4f2995fa42c4ffe2c3a48efbf9c600173fd2e"
  name = "gopkg.in/throttled/throttled.v2"
  packages = [
    ".",
    "store/memstore",
  ]
  pruneopts = ""
  revision = "b5675e93f9d999b22f92d859a5bf2138d3641af4"
  version = "v2.0.3"

[[projects]]
  branch = "v2"
  digest = "1:cedccf16b71e86db87a24f8d4c70b0a855872eb967cb906a66b95de56aefbd0d"
  name = "gopkg.in/yaml.v2"
  packages = ["."]
  pruneopts = ""
  revision = "51d6538a90f86fe93ac480b35f37b2be17fef232"

[solve-meta]
  analyzer-name = "dep"
  analyzer-version = 1
  input-imports = [
    "github.com/aws/aws-sdk-go/aws",
    "github.com/aws/aws-sdk-go/aws/request",
    "github.com/aws/aws-sdk-go/aws/session",
    "github.com/aws/aws-sdk-go/service/sns",
    "github.com/aws/aws-sdk-go/service/sns/snsiface",
    "github.com/aws/aws-sdk-go/service/sqs",
    "github.com/aws/aws-sdk-go/service/sqs/sqsiface",
    "github.com/bshuster-repo/logrus-logstash-hook",
    "github.com/johntdyer/slackrus",
    "github.com/julienschmidt/httprouter",
    "github.com/justinas/alice",
    "github.com/newrelic/go-agent",
    "github.com/rubyist/circuitbreaker",
    "github.com/sirupsen/logrus",
    "github.com/stretchr/testify/assert",
    "github.com/tomnomnom/linkheader",
    "gopkg.in/throttled/throttled.v2",
    "gopkg.in/throttled/throttled.v2/store/memstore",
    "gopkg.in/yaml.v2",
  ]
  solver-name = "gps-cdcl"
  solver-version = 1
